
Microsoft Visual Studio Solution File, Format Version 12.00
# Visual Studio Version 17
VisualStudioVersion = 17.9.34728.123
MinimumVisualStudioVersion = 10.0.40219.1
Project("{9A19103F-16F7-4668-BE54-9A1E7A4F7556}") = "PokemonReviewApp", "PokemonReviewApp\PokemonReviewApp.csproj", "{96A8AE0E-BBAB-4021-B9B2-66508A11900E}"
EndProject
Project("{2150E333-8FDC-42A3-9474-1A3956D46DE8}") = "Solution Items", "Solution Items", "{C8835021-FCC7-43B9-93F4-348DF256B980}"
	ProjectSection(SolutionItems) = preProject
		.editorconfig = .editorconfig
	EndProjectSection
EndProject
Global
	GlobalSection(SolutionConfigurationPlatforms) = preSolution
		Debug|Any CPU = Debug|Any CPU
		Release|Any CPU = Release|Any CPU
	EndGlobalSection
	GlobalSection(ProjectConfigurationPlatforms) = postSolution
		{96A8AE0E-BBAB-4021-B9B2-66508A11900E}.Debug|Any CPU.ActiveCfg = Debug|Any CPU
		{96A8AE0E-BBAB-4021-B9B2-66508A11900E}.Debug|Any CPU.Build.0 = Debug|Any CPU
		{96A8AE0E-BBAB-4021-B9B2-66508A11900E}.Release|Any CPU.ActiveCfg = Release|Any CPU
		{96A8AE0E-BBAB-4021-B9B2-66508A11900E}.Release|Any CPU.Build.0 = Release|Any CPU
	EndGlobalSection
	GlobalSection(SolutionProperties) = preSolution
		HideSolutionNode = FALSE
	EndGlobalSection
	GlobalSection(ExtensibilityGlobals) = postSolution
		SolutionGuid = {C46F8ED1-8EA2-4D06-8D77-5362EC267C87}
	EndGlobalSection
EndGlobal
